
Microsoft Visual Studio Solution File, Format Version 12.00
# Visual Studio Version 17
VisualStudioVersion = 17.10.34928.147
MinimumVisualStudioVersion = 10.0.40219.1
Project("{FAE04EC0-301F-11D3-BF4B-00C04F79EFBC}") = "2276OzoneGenerator", "2276OzoneGenerator\2276OzoneGenerator.csproj", "{F2659AFB-02AA-4F2F-8A4D-73485E936C4C}"
EndProject
Global
	GlobalSection(SolutionConfigurationPlatforms) = preSolution
		Debug|Any CPU = Debug|Any CPU
		Release|Any CPU = Release|Any CPU
	EndGlobalSection
	GlobalSection(ProjectConfigurationPlatforms) = postSolution
		{F2659AFB-02AA-4F2F-8A4D-73485E936C4C}.Debug|Any CPU.ActiveCfg = Debug|Any CPU
		{F2659AFB-02AA-4F2F-8A4D-73485E936C4C}.Debug|Any CPU.Build.0 = Debug|Any CPU
		{F2659AFB-02AA-4F2F-8A4D-73485E936C4C}.Release|Any CPU.ActiveCfg = Release|Any CPU
		{F2659AFB-02AA-4F2F-8A4D-73485E936C4C}.Release|Any CPU.Build.0 = Release|Any CPU
	EndGlobalSection
	GlobalSection(SolutionProperties) = preSolution
		HideSolutionNode = FALSE
	EndGlobalSection
	GlobalSection(ExtensibilityGlobals) = postSolution
		SolutionGuid = {9A6636E3-8F8F-4CEE-B649-A685D5B82FAE}
	EndGlobalSection
EndGlobal
